
Microsoft Visual Studio Solution File, Format Version 12.00
# Visual Studio 15
VisualStudioVersion = 15.0.28307.572
MinimumVisualStudioVersion = 10.0.40219.1
Project("{FAE04EC0-301F-11D3-BF4B-00C04F79EFBC}") = "assignment", "assignment\assignment.csproj", "{3FF898FF-6C44-4AB8-A944-B01E9C28D521}"
EndProject
Global
	GlobalSection(SolutionConfigurationPlatforms) = preSolution
		Debug|Any CPU = Debug|Any CPU
		Release|Any CPU = Release|Any CPU
	EndGlobalSection
	GlobalSection(ProjectConfigurationPlatforms) = postSolution
		{3FF898FF-6C44-4AB8-A944-B01E9C28D521}.Debug|Any CPU.ActiveCfg = Debug|Any CPU
		{3FF898FF-6C44-4AB8-A944-B01E9C28D521}.Debug|Any CPU.Build.0 = Debug|Any CPU
		{3FF898FF-6C44-4AB8-A944-B01E9C28D521}.Release|Any CPU.ActiveCfg = Release|Any CPU
		{3FF898FF-6C44-4AB8-A944-B01E9C28D521}.Release|Any CPU.Build.0 = Release|Any CPU
	EndGlobalSection
	GlobalSection(SolutionProperties) = preSolution
		HideSolutionNode = FALSE
	EndGlobalSection
	GlobalSection(ExtensibilityGlobals) = postSolution
		SolutionGuid = {E44DF63E-9E61-46FF-90C1-CA2784F6203C}
	EndGlobalSection
EndGlobal
